github.com/rizkyardiansah/go-calculator v1.0.0 h1:d/ngOpJthWtoMj/XN9DhLo9A65pg06nVnOUwdayCViI=
github.com/rizkyardiansah/go-calculator v1.0.0/go.mod h1:oPDqHeYLrjYK3Hz1mTLjvg9t9jC2QFq2X5cAn5d2oTY=
github.com/rizkyardiansah/go-calculator v1.0.1 h1:SGq+xBZPHk6wCqkr8c8ZqCmCS3APm3SXnFVlcmKHN/Q=
github.com/rizkyardiansah/go-calculator v1.0.1/go.mod h1:oPDqHeYLrjYK3Hz1mTLjvg9t9jC2QFq2X5cAn5d2oTY=
github.com/rizkyardiansah/go-calculator v1.2.0 h1:ek7r8DaTXIi5YTemA95MlKeRBTrMUc7apvjOy1AAMuM=
github.com/rizkyardiansah/go-calculator v1.2.0/go.mod h1:oPDqHeYLrjYK3Hz1mTLjvg9t9jC2QFq2X5cAn5d2oTY=
